
Microsoft Visual Studio Solution File, Format Version 12.00
# Visual Studio Version 16
VisualStudioVersion = 16.0.28803.452
MinimumVisualStudioVersion = 10.0.40219.1
Project("{FAE04EC0-301F-11D3-BF4B-00C04F79EFBC}") = "ShelliCon.Android", "ShelliCon\ShelliCon.Android\ShelliCon.Android.csproj", "{16BF6531-6F62-4D51-994E-B84C314E5487}"
EndProject
Project("{FAE04EC0-301F-11D3-BF4B-00C04F79EFBC}") = "ShelliCon.iOS", "ShelliCon\ShelliCon.iOS\ShelliCon.iOS.csproj", "{D8EBCCE2-3141-41D0-AF6E-93971CB20FB2}"
EndProject
Project("{FAE04EC0-301F-11D3-BF4B-00C04F79EFBC}") = "ShelliCon", "ShelliCon\ShelliCon\ShelliCon.csproj", "{0078AFFE-A297-44B6-A961-A429C8771464}"
EndProject
Global
	GlobalSection(SolutionConfigurationPlatforms) = preSolution
		Debug|Any CPU = Debug|Any CPU
		Debug|iPhone = Debug|iPhone
		Debug|iPhoneSimulator = Debug|iPhoneSimulator
		Release|Any CPU = Release|Any CPU
		Release|iPhone = Release|iPhone
		Release|iPhoneSimulator = Release|iPhoneSimulator
	EndGlobalSection
	GlobalSection(ProjectConfigurationPlatforms) = postSolution
		{16BF6531-6F62-4D51-994E-B84C314E5487}.Debug|Any CPU.ActiveCfg = Debug|Any CPU
		{16BF6531-6F62-4D51-994E-B84C314E5487}.Debug|Any CPU.Build.0 = Debug|Any CPU
		{16BF6531-6F62-4D51-994E-B84C314E5487}.Debug|Any CPU.Deploy.0 = Debug|Any CPU
		{16BF6531-6F62-4D51-994E-B84C314E5487}.Debug|iPhone.ActiveCfg = Debug|Any CPU
		{16BF6531-6F62-4D51-994E-B84C314E5487}.Debug|iPhone.Build.0 = Debug|Any CPU
		{16BF6531-6F62-4D51-994E-B84C314E5487}.Debug|iPhone.Deploy.0 = Debug|Any CPU
		{16BF6531-6F62-4D51-994E-B84C314E5487}.Debug|iPhoneSimulator.ActiveCfg = Debug|Any CPU
		{16BF6531-6F62-4D51-994E-B84C314E5487}.Debug|iPhoneSimulator.Build.0 = Debug|Any CPU
		{16BF6531-6F62-4D51-994E-B84C314E5487}.Debug|iPhoneSimulator.Deploy.0 = Debug|Any CPU
		{16BF6531-6F62-4D51-994E-B84C314E5487}.Release|Any CPU.ActiveCfg = Release|Any CPU
		{16BF6531-6F62-4D51-994E-B84C314E5487}.Release|Any CPU.Build.0 = Release|Any CPU
		{16BF6531-6F62-4D51-994E-B84C314E5487}.Release|Any CPU.Deploy.0 = Release|Any CPU
		{16BF6531-6F62-4D51-994E-B84C314E5487}.Release|iPhone.ActiveCfg = Release|Any CPU
		{16BF6531-6F62-4D51-994E-B84C314E5487}.Release|iPhone.Build.0 = Release|Any CPU
		{16BF6531-6F62-4D51-994E-B84C314E5487}.Release|iPhone.Deploy.0 = Release|Any CPU
		{16BF6531-6F62-4D51-994E-B84C314E5487}.Release|iPhoneSimulator.ActiveCfg = Release|Any CPU
		{16BF6531-6F62-4D51-994E-B84C314E5487}.Release|iPhoneSimulator.Build.0 = Release|Any CPU
		{16BF6531-6F62-4D51-994E-B84C314E5487}.Release|iPhoneSimulator.Deploy.0 = Release|Any CPU
		{D8EBCCE2-3141-41D0-AF6E-93971CB20FB2}.Debug|Any CPU.ActiveCfg = Debug|iPhoneSimulator
		{D8EBCCE2-3141-41D0-AF6E-93971CB20FB2}.Debug|Any CPU.Build.0 = Debug|iPhoneSimulator
		{D8EBCCE2-3141-41D0-AF6E-93971CB20FB2}.Debug|Any CPU.Deploy.0 = Debug|iPhoneSimulator
		{D8EBCCE2-3141-41D0-AF6E-93971CB20FB2}.Debug|iPhone.ActiveCfg = Debug|iPhone
		{D8EBCCE2-3141-41D0-AF6E-93971CB20FB2}.Debug|iPhone.Build.0 = Debug|iPhone
		{D8EBCCE2-3141-41D0-AF6E-93971CB20FB2}.Debug|iPhone.Deploy.0 = Debug|iPhone
		{D8EBCCE2-3141-41D0-AF6E-93971CB20FB2}.Debug|iPhoneSimulator.ActiveCfg = Debug|iPhoneSimulator
		{D8EBCCE2-3141-41D0-AF6E-93971CB20FB2}.Debug|iPhoneSimulator.Build.0 = Debug|iPhoneSimulator
		{D8EBCCE2-3141-41D0-AF6E-93971CB20FB2}.Debug|iPhoneSimulator.Deploy.0 = Debug|iPhoneSimulator
		{D8EBCCE2-3141-41D0-AF6E-93971CB20FB2}.Release|Any CPU.ActiveCfg = Release|iPhone
		{D8EBCCE2-3141-41D0-AF6E-93971CB20FB2}.Release|Any CPU.Build.0 = Release|iPhone
		{D8EBCCE2-3141-41D0-AF6E-93971CB20FB2}.Release|Any CPU.Deploy.0 = Release|iPhone
		{D8EBCCE2-3141-41D0-AF6E-93971CB20FB2}.Release|iPhone.ActiveCfg = Release|iPhone
		{D8EBCCE2-3141-41D0-AF6E-93971CB20FB2}.Release|iPhone.Build.0 = Release|iPhone
		{D8EBCCE2-3141-41D0-AF6E-93971CB20FB2}.Release|iPhone.Deploy.0 = Release|iPhone
		{D8EBCCE2-3141-41D0-AF6E-93971CB20FB2}.Release|iPhoneSimulator.ActiveCfg = Release|iPhoneSimulator
		{D8EBCCE2-3141-41D0-AF6E-93971CB20FB2}.Release|iPhoneSimulator.Build.0 = Release|iPhoneSimulator
		{D8EBCCE2-3141-41D0-AF6E-93971CB20FB2}.Release|iPhoneSimulator.Deploy.0 = Release|iPhoneSimulator
		{0078AFFE-A297-44B6-A961-A429C8771464}.Debug|Any CPU.ActiveCfg = Debug|Any CPU
		{0078AFFE-A297-44B6-A961-A429C8771464}.Debug|Any CPU.Build.0 = Debug|Any CPU
		{0078AFFE-A297-44B6-A961-A429C8771464}.Debug|Any CPU.Deploy.0 = Debug|Any CPU
		{0078AFFE-A297-44B6-A961-A429C8771464}.Debug|iPhone.ActiveCfg = Debug|Any CPU
		{0078AFFE-A297-44B6-A961-A429C8771464}.Debug|iPhone.Build.0 = Debug|Any CPU
		{0078AFFE-A297-44B6-A961-A429C8771464}.Debug|iPhone.Deploy.0 = Debug|Any CPU
		{0078AFFE-A297-44B6-A961-A429C8771464}.Debug|iPhoneSimulator.ActiveCfg = Debug|Any CPU
		{0078AFFE-A297-44B6-A961-A429C8771464}.Debug|iPhoneSimulator.Build.0 = Debug|Any CPU
		{0078AFFE-A297-44B6-A961-A429C8771464}.Debug|iPhoneSimulator.Deploy.0 = Debug|Any CPU
		{0078AFFE-A297-44B6-A961-A429C8771464}.Release|Any CPU.ActiveCfg = Release|Any CPU
		{0078AFFE-A297-44B6-A961-A429C8771464}.Release|Any CPU.Build.0 = Release|Any CPU
		{0078AFFE-A297-44B6-A961-A429C8771464}.Release|Any CPU.Deploy.0 = Release|Any CPU
		{0078AFFE-A297-44B6-A961-A429C8771464}.Release|iPhone.ActiveCfg = Release|Any CPU
		{0078AFFE-A297-44B6-A961-A429C8771464}.Release|iPhone.Build.0 = Release|Any CPU
		{0078AFFE-A297-44B6-A961-A429C8771464}.Release|iPhone.Deploy.0 = Release|Any CPU
		{0078AFFE-A297-44B6-A961-A429C8771464}.Release|iPhoneSimulator.ActiveCfg = Release|Any CPU
		{0078AFFE-A297-44B6-A961-A429C8771464}.Release|iPhoneSimulator.Build.0 = Release|Any CPU
		{0078AFFE-A297-44B6-A961-A429C8771464}.Release|iPhoneSimulator.Deploy.0 = Release|Any CPU
	EndGlobalSection
	GlobalSection(SolutionProperties) = preSolution
		HideSolutionNode = FALSE
	EndGlobalSection
	GlobalSection(ExtensibilityGlobals) = postSolution
		SolutionGuid = {5121B118-248E-49D8-B29B-E5A3F1DFEB77}
	EndGlobalSection
EndGlobal
